
Microsoft Visual Studio Solution File, Format Version 12.00
# Visual Studio Version 17
VisualStudioVersion = 17.10.34928.147
MinimumVisualStudioVersion = 10.0.40219.1
Project("{F184B08F-C81C-45F6-A57F-5ABD9991F28F}") = "SharksApparel", "SharksApparel.vbproj", "{EB6D8DCB-DFA0-498A-8D4F-719A8972AA72}"
EndProject
Global
	GlobalSection(SolutionConfigurationPlatforms) = preSolution
		Debug|Any CPU = Debug|Any CPU
		Release|Any CPU = Release|Any CPU
	EndGlobalSection
	GlobalSection(ProjectConfigurationPlatforms) = postSolution
		{EB6D8DCB-DFA0-498A-8D4F-719A8972AA72}.Debug|Any CPU.ActiveCfg = Debug|Any CPU
		{EB6D8DCB-DFA0-498A-8D4F-719A8972AA72}.Debug|Any CPU.Build.0 = Debug|Any CPU
		{EB6D8DCB-DFA0-498A-8D4F-719A8972AA72}.Release|Any CPU.ActiveCfg = Release|Any CPU
		{EB6D8DCB-DFA0-498A-8D4F-719A8972AA72}.Release|Any CPU.Build.0 = Release|Any CPU
	EndGlobalSection
	GlobalSection(SolutionProperties) = preSolution
		HideSolutionNode = FALSE
	EndGlobalSection
	GlobalSection(ExtensibilityGlobals) = postSolution
		SolutionGuid = {B17A8938-7286-4E07-A1A8-1B5B62C69DAC}
	EndGlobalSection
EndGlobal
